
Microsoft Visual Studio Solution File, Format Version 12.00
# Visual Studio Version 17
VisualStudioVersion = 17.14.36705.20 d17.14
MinimumVisualStudioVersion = 10.0.40219.1
Project("{FAE04EC0-301F-11D3-BF4B-00C04F79EFBC}") = "GoogleReCaptcha", "GoogleReCaptcha\GoogleReCaptcha.csproj", "{2FAEB5B0-1E1C-44E3-9242-6866D02F3E13}"
EndProject
Global
	GlobalSection(SolutionConfigurationPlatforms) = preSolution
		Debug|Any CPU = Debug|Any CPU
		Release|Any CPU = Release|Any CPU
	EndGlobalSection
	GlobalSection(ProjectConfigurationPlatforms) = postSolution
		{2FAEB5B0-1E1C-44E3-9242-6866D02F3E13}.Debug|Any CPU.ActiveCfg = Debug|Any CPU
		{2FAEB5B0-1E1C-44E3-9242-6866D02F3E13}.Debug|Any CPU.Build.0 = Debug|Any CPU
		{2FAEB5B0-1E1C-44E3-9242-6866D02F3E13}.Release|Any CPU.ActiveCfg = Release|Any CPU
		{2FAEB5B0-1E1C-44E3-9242-6866D02F3E13}.Release|Any CPU.Build.0 = Release|Any CPU
	EndGlobalSection
	GlobalSection(SolutionProperties) = preSolution
		HideSolutionNode = FALSE
	EndGlobalSection
	GlobalSection(ExtensibilityGlobals) = postSolution
		SolutionGuid = {AAC88573-6246-4B53-B17E-F232BAD6DB6E}
	EndGlobalSection
EndGlobal
